PODS:
  - Kingfisher (5.7.0)
  - Nimble (8.0.2)
  - Quick (2.1.0)
  - RxCocoa (5.0.0):
    - RxRelay (~> 5)
    - RxSwift (~> 5)
  - RxRelay (5.0.0):
    - RxSwift (~> 5)
  - RxSwift (5.0.0)
  - SwiftLint (0.34.0)

DEPENDENCIES:
  - Kingfisher (~> 5.7)
  - Nimble
  - Quick
  - RxCocoa (~> 5)
  - RxSwift (~> 5)
  - SwiftLint

SPEC REPOS:
  https://github.com/cocoapods/specs.git:
    - Kingfisher
    - Nimble
    - Quick
    - RxCocoa
    - RxRelay
    - RxSwift
    - SwiftLint

SPEC CHECKSUMS:
  Kingfisher: c7d211b54f1f30d8060aadab177d52b4349c825b
  Nimble: 622629381bda1dd5678162f21f1368cec7cbba60
  Quick: 4be43f6634acfa727dd106bdf3929ce125ffa79d
  RxCocoa: fcf32050ac00d801f34a7f71d5e8e7f23026dcd8
  RxRelay: 4f7409406a51a55cd88483f21ed898c234d60f18
  RxSwift: 8b0671caa829a763bbce7271095859121cbd895f
  SwiftLint: 79d48a17c6565dc286c37efb8322c7b450f95c67

PODFILE CHECKSUM: 068edc093caa815676c46553bb8b0b71d6ac02b6

COCOAPODS: 1.6.1
